// !$*UTF8*$!
{
	archiveVersion = 1;
	classes = {
	};
	objectVersion = 46;
	objects = {
/* Begin PBXBuildFile section */
		0207DA581B56EA530066E2B4 /* Images.xcassets in Resources */ = {isa = PBXBuildFile; fileRef = 0207DA571B56EA530066E2B4 /* Images.xcassets */; };
		1D3623260D0F684500981E51 /* AppDelegate.m in Sources */ = {isa = PBXBuildFile; fileRef = 1D3623250D0F684500981E51 /* AppDelegate.m */; };
		1D60589B0D05DD56006BFB54 /* main.m in Sources */ = {isa = PBXBuildFile; fileRef = 29B97316FDCFA39411CA2CEA /* main.m */; };
		301BF552109A68D80062928A /* libCordova.a in Frameworks */ = {isa = PBXBuildFile; fileRef = 301BF535109A57CC0062928A /* libCordova.a */; };
		302D95F114D2391D003F00A1 /* MainViewController.m in Sources */ = {isa = PBXBuildFile; fileRef = 302D95EF14D2391D003F00A1 /* MainViewController.m */; };
		302D95F214D2391D003F00A1 /* MainViewController.xib in Resources */ = {isa = PBXBuildFile; fileRef = 302D95F014D2391D003F00A1 /* MainViewController.xib */; };
		3047A5121AB8059700498E2A /* build-debug.xcconfig in Resources */ = {isa = PBXBuildFile; fileRef = 3047A50F1AB8059700498E2A /* build-debug.xcconfig */; };
		3047A5131AB8059700498E2A /* build-release.xcconfig in Resources */ = {isa = PBXBuildFile; fileRef = 3047A5101AB8059700498E2A /* build-release.xcconfig */; };
		3047A5141AB8059700498E2A /* build.xcconfig in Resources */ = {isa = PBXBuildFile; fileRef = 3047A5111AB8059700498E2A /* build.xcconfig */; };
		6AFF5BF91D6E424B00AB3073 /* CDVLaunchScreen.storyboard in Resources */ = {isa = PBXBuildFile; fileRef = 6AFF5BF81D6E424B00AB3073 /* CDVLaunchScreen.storyboard */; };
		CCFDC57463AB4745840317BC /* CDVBackgroundGeoLocation.m in Sources */ = {isa = PBXBuildFile; fileRef = 6956375A922C4318AAEC21EB /* CDVBackgroundGeoLocation.m */; };
		5ECE500BBE8847E885100C9F /* AudioToolbox.framework in Frameworks */ = {isa = PBXBuildFile; fileRef = EC54E67580C945ED96AFD13A /* AudioToolbox.framework */; settings = {ATTRIBUTES = (Weak, ); }; };
		D28EEF8DACB74FBB8E47A452 /* AVFoundation.framework in Frameworks */ = {isa = PBXBuildFile; fileRef = 48445B3DBB0B46BE8FD5966C /* AVFoundation.framework */; settings = {ATTRIBUTES = (Weak, ); }; };
		D9495389557146E9BFE5D661 /* CDVLogger.m in Sources */ = {isa = PBXBuildFile; fileRef = 2B673404352040F08FF5BA85 /* CDVLogger.m */; };
		B9EEF4297E784B61A3AC0A53 /* CDVDevice.m in Sources */ = {isa = PBXBuildFile; fileRef = 0D1E1D0E25EB4BB480439AAF /* CDVDevice.m */; };
		F170B1648C5648F897AE6B12 /* CDVNotification.m in Sources */ = {isa = PBXBuildFile; fileRef = FD4781FC0BCB43FC93C2B198 /* CDVNotification.m */; };
		8ED6645D1B7C460F8BC075E7 /* CDVNotification.bundle in Resources */ = {isa = PBXBuildFile; fileRef = 341DC0878D2A439FA356AE50 /* CDVNotification.bundle */; };
		A69917A032F349CE87C0B8D6 /* CDVFile.m in Sources */ = {isa = PBXBuildFile; fileRef = F7FCC1CBC2B747269E4C00D3 /* CDVFile.m */; };
		C07312E30DE14627AA93881F /* CDVLocalFilesystem.m in Sources */ = {isa = PBXBuildFile; fileRef = 5FAF7CA6E1CC4C53B221ADC3 /* CDVLocalFilesystem.m */; };
		8B7BB31C63D74725AABB9B40 /* CDVAssetLibraryFilesystem.m in Sources */ = {isa = PBXBuildFile; fileRef = B97A99E15E52471AA66CC25D /* CDVAssetLibraryFilesystem.m */; };
		ABB1FCD92FA5447CAE2EC7B6 /* IsDebug.h in Resources */ = {isa = PBXBuildFile; fileRef = 57DF19A7133D4288B7A0892E /* IsDebug.h */; };
		00B28A4BAE86461F8B12BB0C /* IsDebug.m in Sources */ = {isa = PBXBuildFile; fileRef = 43E8142B07E346E5BA7941DB /* IsDebug.m */; };
		01592C7D841E411E95CA333F /* CDVOrientation.m in Sources */ = {isa = PBXBuildFile; fileRef = F300AF537E234A9EBE84E3FD /* CDVOrientation.m */; };
		3C0B773F3CED44F2927EA17F /* CDVStatusBar.m in Sources */ = {isa = PBXBuildFile; fileRef = F88A288CDDB845E0BD2ECD0D /* CDVStatusBar.m */; };
		B6A1EB78FA664BEE84A587D3 /* AppDelegate+notification.m in Sources */ = {isa = PBXBuildFile; fileRef = BE780650CB5E44C49BB82228 /* AppDelegate+notification.m */; };
		415BA0E0D37A4D6687995E2B /* PushPlugin.m in Sources */ = {isa = PBXBuildFile; fileRef = BF9CDB0A36FA40F8BD8AE746 /* PushPlugin.m */; };
		5E7810CBB89F42BBA539A2B4 /* AddressBook.framework in Frameworks */ = {isa = PBXBuildFile; fileRef = BDD2B11C86284274BE25F33B /* AddressBook.framework */; };
		BD33240484F8435A8776EBD8 /* libsqlite3.tbd in Frameworks */ = {isa = PBXBuildFile; fileRef = 21600D89EFF54BA0B839C39C /* libsqlite3.tbd */; };
		30A875156EC5477C8B436B98 /* libz.tbd in Frameworks */ = {isa = PBXBuildFile; fileRef = 7025C267E787417A865A1F51 /* libz.tbd */; };
		178D2F63991040068EC5490A /* RequestLocationAccuracy.m in Sources */ = {isa = PBXBuildFile; fileRef = 53DDC18C1ED94FDC9448056C /* RequestLocationAccuracy.m */; };
		1713CC01A6C141BBB9934700 /* CoreLocation.framework in Frameworks */ = {isa = PBXBuildFile; fileRef = 6FFEFE27A8D34FE5826673C6 /* CoreLocation.framework */; };
		A86881F33F574FC980B92316 /* CDVBarcodeScanner.mm in Resources */ = {isa = PBXBuildFile; fileRef = 31B0002A110342E2BB5A7DDE /* CDVBarcodeScanner.mm */; };
		59B9F8284C534A7EB3F40C34 /* scannerOverlay.xib in Resources */ = {isa = PBXBuildFile; fileRef = B21CEC2FE6214DBD8A180DE1 /* scannerOverlay.xib */; };
		E788741AEA344E70B87F864D /* CDVBarcodeScanner.bundle in Resources */ = {isa = PBXBuildFile; fileRef = BCBEB07F3DDA478EB076FDBE /* CDVBarcodeScanner.bundle */; };
		B6D15A44433E439EBC5DDCD3 /* CDViOSScanner.m in Sources */ = {isa = PBXBuildFile; fileRef = 2CE36940CABA400AAE1F2F56 /* CDViOSScanner.m */; };
		9E83EF1EA12844369CC5EC41 /* CameraViewController.m in Sources */ = {isa = PBXBuildFile; fileRef = 957D5AD3824240A5A483F22F /* CameraViewController.m */; };
		7D1AD3471D584E5797D5E314 /* Foundation.framework in Frameworks */ = {isa = PBXBuildFile; fileRef = 04E1B0A28770489DAC63509A /* Foundation.framework */; };
		6B99DDD1BEE14EB9A07DA1B3 /* UIKit.framework in Frameworks */ = {isa = PBXBuildFile; fileRef = 554292670DFC4FB08FD13367 /* UIKit.framework */; };
/* End PBXBuildFile section */

/* Begin PBXContainerItemProxy section */
		301BF534109A57CC0062928A /* PBXContainerItemProxy */ = {
			isa = PBXContainerItemProxy;
			containerPortal = 301BF52D109A57CC0062928A /* CordovaLib.xcodeproj */;
			proxyType = 2;
			remoteGlobalIDString = D2AAC07E0554694100DB518D;
			remoteInfo = CordovaLib;
		};
		301BF550109A68C00062928A /* PBXContainerItemProxy */ = {
			isa = PBXContainerItemProxy;
			containerPortal = 301BF52D109A57CC0062928A /* CordovaLib.xcodeproj */;
			proxyType = 1;
			remoteGlobalIDString = D2AAC07D0554694100DB518D;
			remoteInfo = CordovaLib;
		};
/* End PBXContainerItemProxy section */

/* Begin PBXFileReference section */
		0207DA571B56EA530066E2B4 /* Images.xcassets */ = {isa = PBXFileReference; lastKnownFileType = folder.assetcatalog; name = Images.xcassets; path = "Portal do Transportador APP/Images.xcassets"; sourceTree = SOURCE_ROOT; };
		1D3623240D0F684500981E51 /* AppDelegate.h */ = {isa = PBXFileReference; fileEncoding = 4; lastKnownFileType = sourcecode.c.h; path = AppDelegate.h; sourceTree = "<group>"; };
		1D3623250D0F684500981E51 /* AppDelegate.m */ = {isa = PBXFileReference; fileEncoding = 4; lastKnownFileType = sourcecode.c.objc; path = AppDelegate.m; sourceTree = "<group>"; };
		1D6058910D05DD3D006BFB54 /* Portal do Transportador APP.app */ = {isa = PBXFileReference; explicitFileType = wrapper.application; includeInIndex = 0; path = "Portal do Transportador APP.app"; sourceTree = BUILT_PRODUCTS_DIR; };
		29B97316FDCFA39411CA2CEA /* main.m */ = {isa = PBXFileReference; fileEncoding = 4; lastKnownFileType = sourcecode.c.objc; path = main.m; sourceTree = "<group>"; };
		301BF52D109A57CC0062928A /* CordovaLib.xcodeproj */ = {isa = PBXFileReference; lastKnownFileType = "wrapper.pb-project"; path = CordovaLib/CordovaLib.xcodeproj; sourceTree = "<group>"; };
		301BF56E109A69640062928A /* www */ = {isa = PBXFileReference; lastKnownFileType = folder; path = www; sourceTree = SOURCE_ROOT; };
		302D95EE14D2391D003F00A1 /* MainViewController.h */ = {isa = PBXFileReference; fileEncoding = 4; lastKnownFileType = sourcecode.c.h; path = MainViewController.h; sourceTree = "<group>"; };
		302D95EF14D2391D003F00A1 /* MainViewController.m */ = {isa = PBXFileReference; fileEncoding = 4; lastKnownFileType = sourcecode.c.objc; path = MainViewController.m; sourceTree = "<group>"; };
		302D95F014D2391D003F00A1 /* MainViewController.xib */ = {isa = PBXFileReference; fileEncoding = 4; lastKnownFileType = file.xib; path = MainViewController.xib; sourceTree = "<group>"; };
		3047A50F1AB8059700498E2A /* build-debug.xcconfig */ = {isa = PBXFileReference; fileEncoding = 4; lastKnownFileType = text.xcconfig; name = "build-debug.xcconfig"; path = cordova/build-debug.xcconfig; sourceTree = SOURCE_ROOT; };
		3047A5101AB8059700498E2A /* build-release.xcconfig */ = {isa = PBXFileReference; fileEncoding = 4; lastKnownFileType = text.xcconfig; name = "build-release.xcconfig"; path = cordova/build-release.xcconfig; sourceTree = SOURCE_ROOT; };
		3047A5111AB8059700498E2A /* build.xcconfig */ = {isa = PBXFileReference; fileEncoding = 4; lastKnownFileType = text.xcconfig; name = build.xcconfig; path = cordova/build.xcconfig; sourceTree = SOURCE_ROOT; };
		32CA4F630368D1EE00C91783 /* Portal do Transportador APP-Prefix.pch */ = {isa = PBXFileReference; fileEncoding = 4; lastKnownFileType = sourcecode.c.h; path = "Portal do Transportador APP-Prefix.pch"; sourceTree = "<group>"; };
		6AFF5BF81D6E424B00AB3073 /* CDVLaunchScreen.storyboard */ = {isa = PBXFileReference; fileEncoding = 4; lastKnownFileType = file.storyboard; name = CDVLaunchScreen.storyboard; path = "Portal do Transportador APP/CDVLaunchScreen.storyboard"; sourceTree = SOURCE_ROOT; };
		8D1107310486CEB800E47090 /* Portal do Transportador APP-Info.plist */ = {isa = PBXFileReference; fileEncoding = 4; lastKnownFileType = text.plist.xml; name = "Portal do Transportador APP-Info.plist"; path = "Portal do Transportador APP/Portal do Transportador APP-Info.plist"; plistStructureDefinitionIdentifier = "com.apple.xcode.plist.structure-definition.iphone.info-plist"; sourceTree = SOURCE_ROOT; };
		EB87FDF31871DA8E0020F90C /* www */ = {isa = PBXFileReference; lastKnownFileType = folder; name = www; path = ../../www; sourceTree = "<group>"; };
		EB87FDF41871DAF40020F90C /* config.xml */ = {isa = PBXFileReference; lastKnownFileType = text.xml; name = config.xml; path = ../../config.xml; sourceTree = "<group>"; };
		F840E1F0165FE0F500CFE078 /* config.xml */ = {isa = PBXFileReference; lastKnownFileType = text.xml; name = config.xml; path = "Portal do Transportador APP/config.xml"; sourceTree = "<group>"; };
		ED33DF2A687741AEAF9F8254 /* Bridging-Header.h */ = {isa = PBXFileReference; fileEncoding = 4; lastKnownFileType = sourcecode.c.h; name = "Bridging-Header.h"; path = "Bridging-Header.h"; sourceTree = "<group>"; };
		6956375A922C4318AAEC21EB /* CDVBackgroundGeoLocation.m */ = {isa = PBXFileReference; name = "CDVBackgroundGeoLocation.m"; path = "cordova-plugin-background-geolocation/CDVBackgroundGeoLocation.m"; sourceTree = "<group>"; fileEncoding = 4; lastKnownFileType = sourcecode.c.objc; explicitFileType = undefined; includeInIndex = 0; };
		52C763EEDF05475D8CD27494 /* CDVBackgroundGeoLocation.h */ = {isa = PBXFileReference; name = "CDVBackgroundGeoLocation.h"; path = "cordova-plugin-background-geolocation/CDVBackgroundGeoLocation.h"; sourceTree = "<group>"; fileEncoding = 4; lastKnownFileType = sourcecode.c.h; explicitFileType = undefined; includeInIndex = 0; };
		EC54E67580C945ED96AFD13A /* AudioToolbox.framework */ = {isa = PBXFileReference; name = "AudioToolbox.framework"; path = "System/Library/Frameworks/AudioToolbox.framework"; sourceTree = SDKROOT; fileEncoding = undefined; lastKnownFileType = wrapper.framework; explicitFileType = undefined; includeInIndex = 0; };
		48445B3DBB0B46BE8FD5966C /* AVFoundation.framework */ = {isa = PBXFileReference; name = "AVFoundation.framework"; path = "System/Library/Frameworks/AVFoundation.framework"; sourceTree = SDKROOT; fileEncoding = undefined; lastKnownFileType = wrapper.framework; explicitFileType = undefined; includeInIndex = 0; };
		2B673404352040F08FF5BA85 /* CDVLogger.m */ = {isa = PBXFileReference; name = "CDVLogger.m"; path = "cordova-plugin-console/CDVLogger.m"; sourceTree = "<group>"; fileEncoding = 4; lastKnownFileType = sourcecode.c.objc; explicitFileType = undefined; includeInIndex = 0; };
		7247AB437D13416B83B98687 /* CDVLogger.h */ = {isa = PBXFileReference; name = "CDVLogger.h"; path = "cordova-plugin-console/CDVLogger.h"; sourceTree = "<group>"; fileEncoding = 4; lastKnownFileType = sourcecode.c.h; explicitFileType = undefined; includeInIndex = 0; };
		0D1E1D0E25EB4BB480439AAF /* CDVDevice.m */ = {isa = PBXFileReference; name = "CDVDevice.m"; path = "cordova-plugin-device/CDVDevice.m"; sourceTree = "<group>"; fileEncoding = 4; lastKnownFileType = sourcecode.c.objc; explicitFileType = undefined; includeInIndex = 0; };
		17815B35DDC94D198E612D71 /* CDVDevice.h */ = {isa = PBXFileReference; name = "CDVDevice.h"; path = "cordova-plugin-device/CDVDevice.h"; sourceTree = "<group>"; fileEncoding = 4; lastKnownFileType = sourcecode.c.h; explicitFileType = undefined; includeInIndex = 0; };
		FD4781FC0BCB43FC93C2B198 /* CDVNotification.m */ = {isa = PBXFileReference; name = "CDVNotification.m"; path = "cordova-plugin-dialogs/CDVNotification.m"; sourceTree = "<group>"; fileEncoding = 4; lastKnownFileType = sourcecode.c.objc; explicitFileType = undefined; includeInIndex = 0; };
		E54B1CF955A84938BD79B4D8 /* CDVNotification.h */ = {isa = PBXFileReference; name = "CDVNotification.h"; path = "cordova-plugin-dialogs/CDVNotification.h"; sourceTree = "<group>"; fileEncoding = 4; lastKnownFileType = sourcecode.c.h; explicitFileType = undefined; includeInIndex = 0; };
		341DC0878D2A439FA356AE50 /* CDVNotification.bundle */ = {isa = PBXFileReference; name = "CDVNotification.bundle"; path = "CDVNotification.bundle"; sourceTree = "<group>"; fileEncoding = undefined; lastKnownFileType = wrapper.plug-in; explicitFileType = undefined; includeInIndex = 0; };
		F7FCC1CBC2B747269E4C00D3 /* CDVFile.m */ = {isa = PBXFileReference; name = "CDVFile.m"; path = "cordova-plugin-file/CDVFile.m"; sourceTree = "<group>"; fileEncoding = 4; lastKnownFileType = sourcecode.c.objc; explicitFileType = undefined; includeInIndex = 0; };
		5FAF7CA6E1CC4C53B221ADC3 /* CDVLocalFilesystem.m */ = {isa = PBXFileReference; name = "CDVLocalFilesystem.m"; path = "cordova-plugin-file/CDVLocalFilesystem.m"; sourceTree = "<group>"; fileEncoding = 4; lastKnownFileType = sourcecode.c.objc; explicitFileType = undefined; includeInIndex = 0; };
		B97A99E15E52471AA66CC25D /* CDVAssetLibraryFilesystem.m */ = {isa = PBXFileReference; name = "CDVAssetLibraryFilesystem.m"; path = "cordova-plugin-file/CDVAssetLibraryFilesystem.m"; sourceTree = "<group>"; fileEncoding = 4; lastKnownFileType = sourcecode.c.objc; explicitFileType = undefined; includeInIndex = 0; };
		EF219CC7A388435E90A6F554 /* CDVFile.h */ = {isa = PBXFileReference; name = "CDVFile.h"; path = "cordova-plugin-file/CDVFile.h"; sourceTree = "<group>"; fileEncoding = 4; lastKnownFileType = sourcecode.c.h; explicitFileType = undefined; includeInIndex = 0; };
		3706ABDE317640B58F1FAB99 /* CDVLocalFilesystem.h */ = {isa = PBXFileReference; name = "CDVLocalFilesystem.h"; path = "cordova-plugin-file/CDVLocalFilesystem.h"; sourceTree = "<group>"; fileEncoding = 4; lastKnownFileType = sourcecode.c.h; explicitFileType = undefined; includeInIndex = 0; };
		C6CD66CB36A849EE9330269D /* CDVAssetLibraryFilesystem.h */ = {isa = PBXFileReference; name = "CDVAssetLibraryFilesystem.h"; path = "cordova-plugin-file/CDVAssetLibraryFilesystem.h"; sourceTree = "<group>"; fileEncoding = 4; lastKnownFileType = sourcecode.c.h; explicitFileType = undefined; includeInIndex = 0; };
		57DF19A7133D4288B7A0892E /* IsDebug.h */ = {isa = PBXFileReference; name = "IsDebug.h"; path = "cordova-plugin-is-debug/IsDebug.h"; sourceTree = "<group>"; fileEncoding = 4; lastKnownFileType = sourcecode.c.h; explicitFileType = undefined; includeInIndex = 0; };
		43E8142B07E346E5BA7941DB /* IsDebug.m */ = {isa = PBXFileReference; name = "IsDebug.m"; path = "cordova-plugin-is-debug/IsDebug.m"; sourceTree = "<group>"; fileEncoding = 4; lastKnownFileType = sourcecode.c.objc; explicitFileType = undefined; includeInIndex = 0; };
		F300AF537E234A9EBE84E3FD /* CDVOrientation.m */ = {isa = PBXFileReference; name = "CDVOrientation.m"; path = "cordova-plugin-screen-orientation/CDVOrientation.m"; sourceTree = "<group>"; fileEncoding = 4; lastKnownFileType = sourcecode.c.objc; explicitFileType = undefined; includeInIndex = 0; };
		F6638DD2B77648EFA77A638B /* CDVOrientation.h */ = {isa = PBXFileReference; name = "CDVOrientation.h"; path = "cordova-plugin-screen-orientation/CDVOrientation.h"; sourceTree = "<group>"; fileEncoding = 4; lastKnownFileType = sourcecode.c.h; explicitFileType = undefined; includeInIndex = 0; };
		F88A288CDDB845E0BD2ECD0D /* CDVStatusBar.m */ = {isa = PBXFileReference; name = "CDVStatusBar.m"; path = "cordova-plugin-statusbar/CDVStatusBar.m"; sourceTree = "<group>"; fileEncoding = 4; lastKnownFileType = sourcecode.c.objc; explicitFileType = undefined; includeInIndex = 0; };
		DCE20C58A91D4CB5ADF0A0EF /* CDVStatusBar.h */ = {isa = PBXFileReference; name = "CDVStatusBar.h"; path = "cordova-plugin-statusbar/CDVStatusBar.h"; sourceTree = "<group>"; fileEncoding = 4; lastKnownFileType = sourcecode.c.h; explicitFileType = undefined; includeInIndex = 0; };
		BE780650CB5E44C49BB82228 /* AppDelegate+notification.m */ = {isa = PBXFileReference; name = "AppDelegate+notification.m"; path = "phonegap-plugin-push/AppDelegate+notification.m"; sourceTree = "<group>"; fileEncoding = 4; lastKnownFileType = sourcecode.c.objc; explicitFileType = undefined; includeInIndex = 0; };
		BF9CDB0A36FA40F8BD8AE746 /* PushPlugin.m */ = {isa = PBXFileReference; name = "PushPlugin.m"; path = "phonegap-plugin-push/PushPlugin.m"; sourceTree = "<group>"; fileEncoding = 4; lastKnownFileType = sourcecode.c.objc; explicitFileType = undefined; includeInIndex = 0; };
		E821F88AEB534B6F9D6C2D5F /* AppDelegate+notification.h */ = {isa = PBXFileReference; name = "AppDelegate+notification.h"; path = "phonegap-plugin-push/AppDelegate+notification.h"; sourceTree = "<group>"; fileEncoding = 4; lastKnownFileType = sourcecode.c.h; explicitFileType = undefined; includeInIndex = 0; };
		E33EB6FE275E417EB90D2268 /* PushPlugin.h */ = {isa = PBXFileReference; name = "PushPlugin.h"; path = "phonegap-plugin-push/PushPlugin.h"; sourceTree = "<group>"; fileEncoding = 4; lastKnownFileType = sourcecode.c.h; explicitFileType = undefined; includeInIndex = 0; };
		BDD2B11C86284274BE25F33B /* AddressBook.framework */ = {isa = PBXFileReference; name = "AddressBook.framework"; path = "System/Library/Frameworks/AddressBook.framework"; sourceTree = SDKROOT; fileEncoding = undefined; lastKnownFileType = wrapper.framework; explicitFileType = undefined; includeInIndex = 0; };
		21600D89EFF54BA0B839C39C /* libsqlite3.tbd */ = {isa = PBXFileReference; name = "libsqlite3.tbd"; path = "usr/lib/libsqlite3.tbd"; sourceTree = SDKROOT; fileEncoding = undefined; lastKnownFileType = sourcecode.text-based-dylib-definition; explicitFileType = undefined; includeInIndex = 0; };
		7025C267E787417A865A1F51 /* libz.tbd */ = {isa = PBXFileReference; name = "libz.tbd"; path = "usr/lib/libz.tbd"; sourceTree = SDKROOT; fileEncoding = undefined; lastKnownFileType = sourcecode.text-based-dylib-definition; explicitFileType = undefined; includeInIndex = 0; };
		53DDC18C1ED94FDC9448056C /* RequestLocationAccuracy.m */ = {isa = PBXFileReference; name = "RequestLocationAccuracy.m"; path = "cordova-plugin-request-location-accuracy/RequestLocationAccuracy.m"; sourceTree = "<group>"; fileEncoding = 4; lastKnownFileType = sourcecode.c.objc; explicitFileType = undefined; includeInIndex = 0; };
		9BA44DA1D37B4D78A6A1B59B /* RequestLocationAccuracy.h */ = {isa = PBXFileReference; name = "RequestLocationAccuracy.h"; path = "cordova-plugin-request-location-accuracy/RequestLocationAccuracy.h"; sourceTree = "<group>"; fileEncoding = 4; lastKnownFileType = sourcecode.c.h; explicitFileType = undefined; includeInIndex = 0; };
		6FFEFE27A8D34FE5826673C6 /* CoreLocation.framework */ = {isa = PBXFileReference; name = "CoreLocation.framework"; path = "System/Library/Frameworks/CoreLocation.framework"; sourceTree = SDKROOT; fileEncoding = undefined; lastKnownFileType = wrapper.framework; explicitFileType = undefined; includeInIndex = 0; };
		31B0002A110342E2BB5A7DDE /* CDVBarcodeScanner.mm */ = {isa = PBXFileReference; name = "CDVBarcodeScanner.mm"; path = "cordova-plugin-qr-barcode-scanner/CDVBarcodeScanner.mm"; sourceTree = "<group>"; fileEncoding = undefined; lastKnownFileType = unknown; explicitFileType = undefined; includeInIndex = 0; };
		B21CEC2FE6214DBD8A180DE1 /* scannerOverlay.xib */ = {isa = PBXFileReference; name = "scannerOverlay.xib"; path = "scannerOverlay.xib"; sourceTree = "<group>"; fileEncoding = undefined; lastKnownFileType = file.xib; explicitFileType = undefined; includeInIndex = 0; };
		BCBEB07F3DDA478EB076FDBE /* CDVBarcodeScanner.bundle */ = {isa = PBXFileReference; name = "CDVBarcodeScanner.bundle"; path = "CDVBarcodeScanner.bundle"; sourceTree = "<group>"; fileEncoding = undefined; lastKnownFileType = wrapper.plug-in; explicitFileType = undefined; includeInIndex = 0; };
		2CE36940CABA400AAE1F2F56 /* CDViOSScanner.m */ = {isa = PBXFileReference; name = "CDViOSScanner.m"; path = "cordova-gmv-barcode-scanner/CDViOSScanner.m"; sourceTree = "<group>"; fileEncoding = 4; lastKnownFileType = sourcecode.c.objc; explicitFileType = undefined; includeInIndex = 0; };
		957D5AD3824240A5A483F22F /* CameraViewController.m */ = {isa = PBXFileReference; name = "CameraViewController.m"; path = "cordova-gmv-barcode-scanner/CameraViewController.m"; sourceTree = "<group>"; fileEncoding = 4; lastKnownFileType = sourcecode.c.objc; explicitFileType = undefined; includeInIndex = 0; };
		1200392A3EDA41A7AF08D305 /* CDViOSScanner.h */ = {isa = PBXFileReference; name = "CDViOSScanner.h"; path = "cordova-gmv-barcode-scanner/CDViOSScanner.h"; sourceTree = "<group>"; fileEncoding = 4; lastKnownFileType = sourcecode.c.h; explicitFileType = undefined; includeInIndex = 0; };
		C525680A2296421CB50876B4 /* CameraViewController.h */ = {isa = PBXFileReference; name = "CameraViewController.h"; path = "cordova-gmv-barcode-scanner/CameraViewController.h"; sourceTree = "<group>"; fileEncoding = 4; lastKnownFileType = sourcecode.c.h; explicitFileType = undefined; includeInIndex = 0; };
		04E1B0A28770489DAC63509A /* Foundation.framework */ = {isa = PBXFileReference; name = "Foundation.framework"; path = "System/Library/Frameworks/Foundation.framework"; sourceTree = SDKROOT; fileEncoding = undefined; lastKnownFileType = wrapper.framework; explicitFileType = undefined; includeInIndex = 0; };
		554292670DFC4FB08FD13367 /* UIKit.framework */ = {isa = PBXFileReference; name = "UIKit.framework"; path = "System/Library/Frameworks/UIKit.framework"; sourceTree = SDKROOT; fileEncoding = undefined; lastKnownFileType = wrapper.framework; explicitFileType = undefined; includeInIndex = 0; };
/* End PBXFileReference section */

/* Begin PBXFrameworksBuildPhase section */
		1D60588F0D05DD3D006BFB54 /* Frameworks */ = {
			isa = PBXFrameworksBuildPhase;
			buildActionMask = 2147483647;
			files = (
				301BF552109A68D80062928A /* libCordova.a in Frameworks */,
				5ECE500BBE8847E885100C9F /* AudioToolbox.framework in Frameworks */,
				D28EEF8DACB74FBB8E47A452 /* AVFoundation.framework in Frameworks */,
				5E7810CBB89F42BBA539A2B4 /* AddressBook.framework in Frameworks */,
				BD33240484F8435A8776EBD8 /* libsqlite3.tbd in Frameworks */,
				30A875156EC5477C8B436B98 /* libz.tbd in Frameworks */,
				1713CC01A6C141BBB9934700 /* CoreLocation.framework in Frameworks */,
				7D1AD3471D584E5797D5E314 /* Foundation.framework in Frameworks */,
				6B99DDD1BEE14EB9A07DA1B3 /* UIKit.framework in Frameworks */,
			);
			runOnlyForDeploymentPostprocessing = 0;
		};
/* End PBXFrameworksBuildPhase section */

/* Begin PBXGroup section */
		080E96DDFE201D6D7F000001 /* Classes */ = {
			isa = PBXGroup;
			children = (
				302D95EE14D2391D003F00A1 /* MainViewController.h */,
				302D95EF14D2391D003F00A1 /* MainViewController.m */,
				302D95F014D2391D003F00A1 /* MainViewController.xib */,
				1D3623240D0F684500981E51 /* AppDelegate.h */,
				1D3623250D0F684500981E51 /* AppDelegate.m */,
			);
			name = Classes;
			path = "Portal do Transportador APP/Classes";
			sourceTree = SOURCE_ROOT;
		};
		19C28FACFE9D520D11CA2CBB /* Products */ = {
			isa = PBXGroup;
			children = (
				1D6058910D05DD3D006BFB54 /* Portal do Transportador APP.app */,
			);
			name = Products;
			sourceTree = "<group>";
		};
		29B97314FDCFA39411CA2CEA /* CustomTemplate */ = {
			isa = PBXGroup;
			children = (
				EB87FDF41871DAF40020F90C /* config.xml */,
				EB87FDF31871DA8E0020F90C /* www */,
				EB87FDF11871DA420020F90C /* Staging */,
				301BF52D109A57CC0062928A /* CordovaLib.xcodeproj */,
				080E96DDFE201D6D7F000001 /* Classes */,
				307C750510C5A3420062BCA9 /* Plugins */,
				29B97315FDCFA39411CA2CEA /* Other Sources */,
				29B97317FDCFA39411CA2CEA /* Resources */,
				29B97323FDCFA39411CA2CEA /* Frameworks */,
				19C28FACFE9D520D11CA2CBB /* Products */,
			);
			name = CustomTemplate;
			sourceTree = "<group>";
		};
		29B97315FDCFA39411CA2CEA /* Other Sources */ = {
			isa = PBXGroup;
			children = (
				32CA4F630368D1EE00C91783 /* Portal do Transportador APP-Prefix.pch */,
				29B97316FDCFA39411CA2CEA /* main.m */,
				ED33DF2A687741AEAF9F8254 /* Bridging-Header.h */,
			);
			name = "Other Sources";
			path = "Portal do Transportador APP";
			sourceTree = "<group>";
		};
		29B97317FDCFA39411CA2CEA /* Resources */ = {
			isa = PBXGroup;
			children = (
				0207DA571B56EA530066E2B4 /* Images.xcassets */,
				3047A50E1AB8057F00498E2A /* config */,
				8D1107310486CEB800E47090 /* Portal do Transportador APP-Info.plist */,
				6AFF5BF81D6E424B00AB3073 /* CDVLaunchScreen.storyboard */,
				341DC0878D2A439FA356AE50 /* CDVNotification.bundle */,
				B21CEC2FE6214DBD8A180DE1 /* scannerOverlay.xib */,
				BCBEB07F3DDA478EB076FDBE /* CDVBarcodeScanner.bundle */,
			);
			name = Resources;
			path = "Portal do Transportador APP/Resources";
			sourceTree = "<group>";
		};
		29B97323FDCFA39411CA2CEA /* Frameworks */ = {
			isa = PBXGroup;
			children = (
				EC54E67580C945ED96AFD13A /* AudioToolbox.framework */,
				48445B3DBB0B46BE8FD5966C /* AVFoundation.framework */,
				BDD2B11C86284274BE25F33B /* AddressBook.framework */,
				21600D89EFF54BA0B839C39C /* libsqlite3.tbd */,
				7025C267E787417A865A1F51 /* libz.tbd */,
				6FFEFE27A8D34FE5826673C6 /* CoreLocation.framework */,
				04E1B0A28770489DAC63509A /* Foundation.framework */,
				554292670DFC4FB08FD13367 /* UIKit.framework */,
			);
			name = Frameworks;
			sourceTree = "<group>";
		};
		301BF52E109A57CC0062928A /* Products */ = {
			isa = PBXGroup;
			children = (
				301BF535109A57CC0062928A /* libCordova.a */,
			);
			name = Products;
			sourceTree = "<group>";
		};
		3047A50E1AB8057F00498E2A /* config */ = {
			isa = PBXGroup;
			children = (
				3047A50F1AB8059700498E2A /* build-debug.xcconfig */,
				3047A5101AB8059700498E2A /* build-release.xcconfig */,
				3047A5111AB8059700498E2A /* build.xcconfig */,
			);
			name = config;
			sourceTree = "<group>";
		};
		307C750510C5A3420062BCA9 /* Plugins */ = {
			isa = PBXGroup;
			children = (
				6956375A922C4318AAEC21EB /* CDVBackgroundGeoLocation.m */,
				52C763EEDF05475D8CD27494 /* CDVBackgroundGeoLocation.h */,
				2B673404352040F08FF5BA85 /* CDVLogger.m */,
				7247AB437D13416B83B98687 /* CDVLogger.h */,
				0D1E1D0E25EB4BB480439AAF /* CDVDevice.m */,
				17815B35DDC94D198E612D71 /* CDVDevice.h */,
				FD4781FC0BCB43FC93C2B198 /* CDVNotification.m */,
				E54B1CF955A84938BD79B4D8 /* CDVNotification.h */,
				F7FCC1CBC2B747269E4C00D3 /* CDVFile.m */,
				5FAF7CA6E1CC4C53B221ADC3 /* CDVLocalFilesystem.m */,
				B97A99E15E52471AA66CC25D /* CDVAssetLibraryFilesystem.m */,
				EF219CC7A388435E90A6F554 /* CDVFile.h */,
				3706ABDE317640B58F1FAB99 /* CDVLocalFilesystem.h */,
				C6CD66CB36A849EE9330269D /* CDVAssetLibraryFilesystem.h */,
				57DF19A7133D4288B7A0892E /* IsDebug.h */,
				43E8142B07E346E5BA7941DB /* IsDebug.m */,
				F300AF537E234A9EBE84E3FD /* CDVOrientation.m */,
				F6638DD2B77648EFA77A638B /* CDVOrientation.h */,
				F88A288CDDB845E0BD2ECD0D /* CDVStatusBar.m */,
				DCE20C58A91D4CB5ADF0A0EF /* CDVStatusBar.h */,
				BE780650CB5E44C49BB82228 /* AppDelegate+notification.m */,
				BF9CDB0A36FA40F8BD8AE746 /* PushPlugin.m */,
				E821F88AEB534B6F9D6C2D5F /* AppDelegate+notification.h */,
				E33EB6FE275E417EB90D2268 /* PushPlugin.h */,
				53DDC18C1ED94FDC9448056C /* RequestLocationAccuracy.m */,
				9BA44DA1D37B4D78A6A1B59B /* RequestLocationAccuracy.h */,
				31B0002A110342E2BB5A7DDE /* CDVBarcodeScanner.mm */,
				2CE36940CABA400AAE1F2F56 /* CDViOSScanner.m */,
				957D5AD3824240A5A483F22F /* CameraViewController.m */,
				1200392A3EDA41A7AF08D305 /* CDViOSScanner.h */,
				C525680A2296421CB50876B4 /* CameraViewController.h */,
			);
			name = Plugins;
			path = "Portal do Transportador APP/Plugins";
			sourceTree = SOURCE_ROOT;
		};
		EB87FDF11871DA420020F90C /* Staging */ = {
			isa = PBXGroup;
			children = (
				F840E1F0165FE0F500CFE078 /* config.xml */,
				301BF56E109A69640062928A /* www */,
			);
			name = Staging;
			sourceTree = "<group>";
		};
/* End PBXGroup section */

/* Begin PBXNativeTarget section */
		1D6058900D05DD3D006BFB54 /* Portal do Transportador APP */ = {
			isa = PBXNativeTarget;
			buildConfigurationList = 1D6058960D05DD3E006BFB54 /* Build configuration list for PBXNativeTarget "Portal do Transportador APP" */;
			buildPhases = (
				304B58A110DAC018002A0835 /* Copy www directory */,
				1D60588D0D05DD3D006BFB54 /* Resources */,
				1D60588E0D05DD3D006BFB54 /* Sources */,
				1D60588F0D05DD3D006BFB54 /* Frameworks */,
			);
			buildRules = (
			);
			dependencies = (
				301BF551109A68C00062928A /* PBXTargetDependency */,
			);
			name = "Portal do Transportador APP";
			productName = "Portal do Transportador APP";
			productReference = 1D6058910D05DD3D006BFB54 /* Portal do Transportador APP.app */;
			productType = "com.apple.product-type.application";
		};
/* End PBXNativeTarget section */

/* Begin PBXProject section */
		29B97313FDCFA39411CA2CEA /* Project object */ = {
			isa = PBXProject;
			attributes = {
				LastUpgradeCheck = 510;
			};
			buildConfigurationList = C01FCF4E08A954540054247B /* Build configuration list for PBXProject "__NON-CLI__" */;
			compatibilityVersion = "Xcode 3.2";
			developmentRegion = English;
			hasScannedForEncodings = 1;
			mainGroup = 29B97314FDCFA39411CA2CEA /* CustomTemplate */;
			projectDirPath = "";
			projectReferences = (
				{
					ProductGroup = 301BF52E109A57CC0062928A /* Products */;
					ProjectRef = 301BF52D109A57CC0062928A /* CordovaLib.xcodeproj */;
				},
			);
			projectRoot = "";
			targets = (
				1D6058900D05DD3D006BFB54 /* Portal do Transportador APP */,
			);
		};
/* End PBXProject section */

/* Begin PBXReferenceProxy section */
		301BF535109A57CC0062928A /* libCordova.a */ = {
			isa = PBXReferenceProxy;
			fileType = archive.ar;
			path = libCordova.a;
			remoteRef = 301BF534109A57CC0062928A /* PBXContainerItemProxy */;
			sourceTree = BUILT_PRODUCTS_DIR;
		};
/* End PBXReferenceProxy section */

/* Begin PBXResourcesBuildPhase section */
		1D60588D0D05DD3D006BFB54 /* Resources */ = {
			isa = PBXResourcesBuildPhase;
			buildActionMask = 2147483647;
			files = (
				302D95F214D2391D003F00A1 /* MainViewController.xib in Resources */,
				0207DA581B56EA530066E2B4 /* Images.xcassets in Resources */,
				6AFF5BF91D6E424B00AB3073 /* CDVLaunchScreen.storyboard in Resources */,
				8ED6645D1B7C460F8BC075E7 /* CDVNotification.bundle in Resources */,
				59B9F8284C534A7EB3F40C34 /* scannerOverlay.xib in Resources */,
				E788741AEA344E70B87F864D /* CDVBarcodeScanner.bundle in Resources */,
			);
			runOnlyForDeploymentPostprocessing = 0;
		};
/* End PBXResourcesBuildPhase section */

/* Begin PBXShellScriptBuildPhase section */
		304B58A110DAC018002A0835 /* Copy www directory */ = {
			isa = PBXShellScriptBuildPhase;
			buildActionMask = 2147483647;
			files = (
			);
			inputPaths = (
			);
			name = "Copy www directory";
			outputPaths = (
			);
			runOnlyForDeploymentPostprocessing = 0;
			shellPath = /bin/sh;
			shellScript = "NODEJS_PATH=/usr/local/bin; NVM_NODE_PATH=~/.nvm/versions/node/`nvm version 2>/dev/null`/bin; N_NODE_PATH=`find /usr/local/n/versions/node/* -maxdepth 0 -type d 2>/dev/null | tail -1`/bin; XCODE_NODE_PATH=`xcode-select --print-path`/usr/share/xcs/Node/bin; PATH=$NODEJS_PATH:$NVM_NODE_PATH:$N_NODE_PATH:$XCODE_NODE_PATH:$PATH && node cordova/lib/copy-www-build-step.js";
			showEnvVarsInLog = 0;
		};
/* End PBXShellScriptBuildPhase section */

/* Begin PBXSourcesBuildPhase section */
		1D60588E0D05DD3D006BFB54 /* Sources */ = {
			isa = PBXSourcesBuildPhase;
			buildActionMask = 2147483647;
			files = (
				1D60589B0D05DD56006BFB54 /* main.m in Sources */,
				1D3623260D0F684500981E51 /* AppDelegate.m in Sources */,
				302D95F114D2391D003F00A1 /* MainViewController.m in Sources */,
				CCFDC57463AB4745840317BC /* CDVBackgroundGeoLocation.m in Sources */,
				D9495389557146E9BFE5D661 /* CDVLogger.m in Sources */,
				B9EEF4297E784B61A3AC0A53 /* CDVDevice.m in Sources */,
				F170B1648C5648F897AE6B12 /* CDVNotification.m in Sources */,
				A69917A032F349CE87C0B8D6 /* CDVFile.m in Sources */,
				C07312E30DE14627AA93881F /* CDVLocalFilesystem.m in Sources */,
				8B7BB31C63D74725AABB9B40 /* CDVAssetLibraryFilesystem.m in Sources */,
				ABB1FCD92FA5447CAE2EC7B6 /* IsDebug.h in Resources */,
				00B28A4BAE86461F8B12BB0C /* IsDebug.m in Sources */,
				01592C7D841E411E95CA333F /* CDVOrientation.m in Sources */,
				3C0B773F3CED44F2927EA17F /* CDVStatusBar.m in Sources */,
				B6A1EB78FA664BEE84A587D3 /* AppDelegate+notification.m in Sources */,
				415BA0E0D37A4D6687995E2B /* PushPlugin.m in Sources */,
				178D2F63991040068EC5490A /* RequestLocationAccuracy.m in Sources */,
				A86881F33F574FC980B92316 /* CDVBarcodeScanner.mm in Resources */,
				B6D15A44433E439EBC5DDCD3 /* CDViOSScanner.m in Sources */,
				9E83EF1EA12844369CC5EC41 /* CameraViewController.m in Sources */,
			);
			runOnlyForDeploymentPostprocessing = 0;
		};
/* End PBXSourcesBuildPhase section */

/* Begin PBXTargetDependency section */
		301BF551109A68C00062928A /* PBXTargetDependency */ = {
			isa = PBXTargetDependency;
			name = CordovaLib;
			targetProxy = 301BF550109A68C00062928A /* PBXContainerItemProxy */;
		};
/* End PBXTargetDependency section */

/* Begin XCBuildConfiguration section */
		1D6058940D05DD3E006BFB54 /* Debug */ = {
			isa = XCBuildConfiguration;
			baseConfigurationReference = 3047A50F1AB8059700498E2A /* build-debug.xcconfig */;
			buildSettings = {
				ALWAYS_SEARCH_USER_PATHS = NO;
				ASSETCATALOG_COMPILER_APPICON_NAME = AppIcon;
				ASSETCATALOG_COMPILER_LAUNCHIMAGE_NAME = LaunchImage;
				CLANG_ENABLE_MODULES = YES;
				CLANG_ENABLE_OBJC_ARC = YES;
				COPY_PHASE_STRIP = NO;
				GCC_DYNAMIC_NO_PIC = NO;
				GCC_OPTIMIZATION_LEVEL = 0;
				GCC_PRECOMPILE_PREFIX_HEADER = YES;
				GCC_PREFIX_HEADER = "Portal do Transportador APP/Portal do Transportador APP-Prefix.pch";
				GCC_THUMB_SUPPORT = NO;
				GCC_VERSION = "";
				INFOPLIST_FILE = "Portal do Transportador APP/Portal do Transportador APP-Info.plist";
				IPHONEOS_DEPLOYMENT_TARGET = 9.0;
				LD_RUNPATH_SEARCH_PATHS = "@executable_path/Frameworks";
				TARGETED_DEVICE_FAMILY = "1,2";
				PRODUCT_NAME = "Portal do Transportador APP";
			};
			name = Debug;
		};
		1D6058950D05DD3E006BFB54 /* Release */ = {
			isa = XCBuildConfiguration;
			baseConfigurationReference = 3047A5101AB8059700498E2A /* build-release.xcconfig */;
			buildSettings = {
				ALWAYS_SEARCH_USER_PATHS = NO;
				ASSETCATALOG_COMPILER_APPICON_NAME = AppIcon;
				ASSETCATALOG_COMPILER_LAUNCHIMAGE_NAME = LaunchImage;
				CLANG_ENABLE_MODULES = YES;
				CLANG_ENABLE_OBJC_ARC = YES;
				COPY_PHASE_STRIP = YES;
				GCC_PRECOMPILE_PREFIX_HEADER = YES;
				GCC_PREFIX_HEADER = "Portal do Transportador APP/Portal do Transportador APP-Prefix.pch";
				GCC_THUMB_SUPPORT = NO;
				GCC_VERSION = "";
				INFOPLIST_FILE = "Portal do Transportador APP/Portal do Transportador APP-Info.plist";
				IPHONEOS_DEPLOYMENT_TARGET = 9.0;
				LD_RUNPATH_SEARCH_PATHS = "@executable_path/Frameworks";
				TARGETED_DEVICE_FAMILY = "1,2";
				PRODUCT_NAME = "Portal do Transportador APP";
			};
			name = Release;
		};
		C01FCF4F08A954540054247B /* Debug */ = {
			isa = XCBuildConfiguration;
			baseConfigurationReference = 3047A5111AB8059700498E2A /* build.xcconfig */;
			buildSettings = {
				CLANG_ENABLE_MODULES = YES;
				CLANG_ENABLE_OBJC_ARC = YES;
				CLANG_WARN_BOOL_CONVERSION = YES;
				CLANG_WARN_CONSTANT_CONVERSION = YES;
				CLANG_WARN_EMPTY_BODY = YES;
				CLANG_WARN_ENUM_CONVERSION = YES;
				CLANG_WARN_INT_CONVERSION = YES;
				CLANG_WARN__DUPLICATE_METHOD_MATCH = YES;
				GCC_C_LANGUAGE_STANDARD = c99;
				GCC_THUMB_SUPPORT = NO;
				GCC_VERSION = "";
				GCC_WARN_ABOUT_RETURN_TYPE = YES;
				GCC_WARN_UNDECLARED_SELECTOR = YES;
				GCC_WARN_UNINITIALIZED_AUTOS = YES;
				GCC_WARN_UNUSED_FUNCTION = YES;
				GCC_WARN_UNUSED_VARIABLE = YES;
				ONLY_ACTIVE_ARCH = YES;
				SDKROOT = iphoneos;
				SKIP_INSTALL = NO;
				ASSETCATALOG_COMPILER_LAUNCHIMAGE_NAME = LaunchImage;
			};
			name = Debug;
		};
		C01FCF5008A954540054247B /* Release */ = {
			isa = XCBuildConfiguration;
			baseConfigurationReference = 3047A5111AB8059700498E2A /* build.xcconfig */;
			buildSettings = {
				CLANG_ENABLE_MODULES = YES;
				CLANG_ENABLE_OBJC_ARC = YES;
				CLANG_WARN_BOOL_CONVERSION = YES;
				CLANG_WARN_CONSTANT_CONVERSION = YES;
				CLANG_WARN_EMPTY_BODY = YES;
				CLANG_WARN_ENUM_CONVERSION = YES;
				CLANG_WARN_INT_CONVERSION = YES;
				CLANG_WARN__DUPLICATE_METHOD_MATCH = YES;
				GCC_C_LANGUAGE_STANDARD = c99;
				GCC_THUMB_SUPPORT = NO;
				GCC_VERSION = "";
				GCC_WARN_ABOUT_RETURN_TYPE = YES;
				GCC_WARN_UNDECLARED_SELECTOR = YES;
				GCC_WARN_UNINITIALIZED_AUTOS = YES;
				GCC_WARN_UNUSED_FUNCTION = YES;
				GCC_WARN_UNUSED_VARIABLE = YES;
				SDKROOT = iphoneos;
				SKIP_INSTALL = NO;
				ASSETCATALOG_COMPILER_LAUNCHIMAGE_NAME = LaunchImage;
			};
			name = Release;
		};
/* End XCBuildConfiguration section */

/* Begin XCConfigurationList section */
		1D6058960D05DD3E006BFB54 /* Build configuration list for PBXNativeTarget "Portal do Transportador APP" */ = {
			isa = XCConfigurationList;
			buildConfigurations = (
				1D6058940D05DD3E006BFB54 /* Debug */,
				1D6058950D05DD3E006BFB54 /* Release */,
			);
			defaultConfigurationIsVisible = 0;
			defaultConfigurationName = Release;
		};
		C01FCF4E08A954540054247B /* Build configuration list for PBXProject "__NON-CLI__" */ = {
			isa = XCConfigurationList;
			buildConfigurations = (
				C01FCF4F08A954540054247B /* Debug */,
				C01FCF5008A954540054247B /* Release */,
			);
			defaultConfigurationIsVisible = 0;
			defaultConfigurationName = Release;
		};
/* End XCConfigurationList section */
	};
	rootObject = 29B97313FDCFA39411CA2CEA /* Project object */;
}
